
Microsoft Visual Studio Solution File, Format Version 12.00
# Visual Studio Version 17
VisualStudioVersion = 17.13.35806.99
MinimumVisualStudioVersion = 10.0.40219.1
Project("{FAE04EC0-301F-11D3-BF4B-00C04F79EFBC}") = "Task 2_1", "Task 2_1\Task 2_1.csproj", "{2F7E2FE0-6B99-4008-8373-961BE1536102}"
EndProject
Project("{FAE04EC0-301F-11D3-BF4B-00C04F79EFBC}") = "Task 2_2", "Task 2_2\Task 2_2.csproj", "{A0F8F72D-7A31-4371-A1F5-EDA19CD2DAD8}"
EndProject
Project("{FAE04EC0-301F-11D3-BF4B-00C04F79EFBC}") = "Task 2_3", "Task 2_3\Task 2_3.csproj", "{CE7EAEC9-41F1-49E0-8B3F-2AAC09D991A9}"
EndProject
Project("{FAE04EC0-301F-11D3-BF4B-00C04F79EFBC}") = "Task 2_4", "Task 2_4\Task 2_4.csproj", "{32D48B26-007C-4DB2-A827-77722D94A306}"
EndProject
Project("{FAE04EC0-301F-11D3-BF4B-00C04F79EFBC}") = "Task 2_5", "Task 2_5\Task 2_5.csproj", "{9D0063E0-86C5-4C29-9703-E7EEC739D0EB}"
EndProject
Project("{FAE04EC0-301F-11D3-BF4B-00C04F79EFBC}") = "Task 2_6", "Task 2_6\Task 2_6.csproj", "{47BEF39E-A38E-42D4-8CBB-4C224A870208}"
EndProject
Project("{FAE04EC0-301F-11D3-BF4B-00C04F79EFBC}") = "Task 3_1", "Task 3_1\Task 3_1.csproj", "{6A622BF6-F013-6F0B-424A-71EEC57BC2AF}"
EndProject
Project("{FAE04EC0-301F-11D3-BF4B-00C04F79EFBC}") = "Task 3_2", "Task 3_2\Task 3_2.csproj", "{810A8288-DEAD-B0DA-FC14-0126FBEE3A15}"
EndProject
Project("{FAE04EC0-301F-11D3-BF4B-00C04F79EFBC}") = "Task 3_3", "Task 3_3\Task 3_3.csproj", "{5C893467-F28A-72EE-DD18-AC1A94B151F0}"
EndProject
Project("{FAE04EC0-301F-11D3-BF4B-00C04F79EFBC}") = "Task 3_4", "Task 3_4\Task 3_4.csproj", "{F1093493-EAEC-2190-4D35-45E0B6F5D438}"
EndProject
Project("{FAE04EC0-301F-11D3-BF4B-00C04F79EFBC}") = "Task 3_5", "Task 3_5\Task 3_5.csproj", "{780898DC-F8E3-5FA7-05F2-ECEC7F6B5A93}"
EndProject
Project("{FAE04EC0-301F-11D3-BF4B-00C04F79EFBC}") = "Task 3_6", "Task 3_6\Task 3_6.csproj", "{908E107A-D88B-2A45-E59F-8711D406566C}"
EndProject
Project("{FAE04EC0-301F-11D3-BF4B-00C04F79EFBC}") = "Task 3_7", "Task 3_7\Task 3_7.csproj", "{0ECCC00C-8333-114B-9194-19C81EB51437}"
EndProject
Project("{FAE04EC0-301F-11D3-BF4B-00C04F79EFBC}") = "Task 3_8", "Task 3_8\Task 3_8.csproj", "{DBDD69D8-E944-D224-D445-4F66A4C8473A}"
EndProject
Project("{FAE04EC0-301F-11D3-BF4B-00C04F79EFBC}") = "Task 3_9", "Task 3_9\Task 3_9.csproj", "{07848FEC-15BA-1DDF-270F-307257335BDA}"
EndProject
Project("{FAE04EC0-301F-11D3-BF4B-00C04F79EFBC}") = "Task 3_10", "Task 3_10\Task 3_10.csproj", "{3D05F005-6A40-5090-A012-7BFF47F9FB54}"
EndProject
Project("{FAE04EC0-301F-11D3-BF4B-00C04F79EFBC}") = "Task 3_11", "Task 3_11\Task 3_11.csproj", "{6966CDE9-CF42-B824-7C2F-5622FCC4317D}"
EndProject
Project("{FAE04EC0-301F-11D3-BF4B-00C04F79EFBC}") = "Task 4_1", "Task 4_1\Task 4_1.csproj", "{E6664F70-EB25-421F-B448-0DB7D482EDB6}"
EndProject
Project("{FAE04EC0-301F-11D3-BF4B-00C04F79EFBC}") = "Task 4_2", "Task 4_2\Task 4_2.csproj", "{6085C0D7-61A0-4478-87E0-44D825DBA778}"
EndProject
Project("{FAE04EC0-301F-11D3-BF4B-00C04F79EFBC}") = "Task 4_3", "Task 4_3\Task 4_3.csproj", "{FDC66C67-72E2-44A4-8823-A27092D051D1}"
EndProject
Project("{FAE04EC0-301F-11D3-BF4B-00C04F79EFBC}") = "Task 4_4", "Task 4_4\Task 4_4.csproj", "{8C09E120-F847-425A-8EA6-A2B970ADD3B2}"
EndProject
Project("{FAE04EC0-301F-11D3-BF4B-00C04F79EFBC}") = "Task 4_5", "Task 4_5\Task 4_5.csproj", "{60F41F4D-BCD2-4B31-B824-C739E439900E}"
EndProject
Project("{FAE04EC0-301F-11D3-BF4B-00C04F79EFBC}") = "Task 4_6", "Task 4_6\Task 4_6.csproj", "{8DE5D9AF-7EC6-436B-AE73-D3EB6E1FDDC0}"
EndProject
Project("{FAE04EC0-301F-11D3-BF4B-00C04F79EFBC}") = "Task 4_7", "Task 4_7\Task 4_7.csproj", "{54EAFE81-C960-437F-960A-7A712E48C459}"
EndProject
Global
	GlobalSection(SolutionConfigurationPlatforms) = preSolution
		Debug|Any CPU = Debug|Any CPU
		Release|Any CPU = Release|Any CPU
	EndGlobalSection
	GlobalSection(ProjectConfigurationPlatforms) = postSolution
		{2F7E2FE0-6B99-4008-8373-961BE1536102}.Debug|Any CPU.ActiveCfg = Debug|Any CPU
		{2F7E2FE0-6B99-4008-8373-961BE1536102}.Debug|Any CPU.Build.0 = Debug|Any CPU
		{2F7E2FE0-6B99-4008-8373-961BE1536102}.Release|Any CPU.ActiveCfg = Release|Any CPU
		{2F7E2FE0-6B99-4008-8373-961BE1536102}.Release|Any CPU.Build.0 = Release|Any CPU
		{A0F8F72D-7A31-4371-A1F5-EDA19CD2DAD8}.Debug|Any CPU.ActiveCfg = Debug|Any CPU
		{A0F8F72D-7A31-4371-A1F5-EDA19CD2DAD8}.Debug|Any CPU.Build.0 = Debug|Any CPU
		{A0F8F72D-7A31-4371-A1F5-EDA19CD2DAD8}.Release|Any CPU.ActiveCfg = Release|Any CPU
		{A0F8F72D-7A31-4371-A1F5-EDA19CD2DAD8}.Release|Any CPU.Build.0 = Release|Any CPU
		{CE7EAEC9-41F1-49E0-8B3F-2AAC09D991A9}.Debug|Any CPU.ActiveCfg = Debug|Any CPU
		{CE7EAEC9-41F1-49E0-8B3F-2AAC09D991A9}.Debug|Any CPU.Build.0 = Debug|Any CPU
		{CE7EAEC9-41F1-49E0-8B3F-2AAC09D991A9}.Release|Any CPU.ActiveCfg = Release|Any CPU
		{CE7EAEC9-41F1-49E0-8B3F-2AAC09D991A9}.Release|Any CPU.Build.0 = Release|Any CPU
		{32D48B26-007C-4DB2-A827-77722D94A306}.Debug|Any CPU.ActiveCfg = Debug|Any CPU
		{32D48B26-007C-4DB2-A827-77722D94A306}.Debug|Any CPU.Build.0 = Debug|Any CPU
		{32D48B26-007C-4DB2-A827-77722D94A306}.Release|Any CPU.ActiveCfg = Release|Any CPU
		{32D48B26-007C-4DB2-A827-77722D94A306}.Release|Any CPU.Build.0 = Release|Any CPU
		{9D0063E0-86C5-4C29-9703-E7EEC739D0EB}.Debug|Any CPU.ActiveCfg = Debug|Any CPU
		{9D0063E0-86C5-4C29-9703-E7EEC739D0EB}.Debug|Any CPU.Build.0 = Debug|Any CPU
		{9D0063E0-86C5-4C29-9703-E7EEC739D0EB}.Release|Any CPU.ActiveCfg = Release|Any CPU
		{9D0063E0-86C5-4C29-9703-E7EEC739D0EB}.Release|Any CPU.Build.0 = Release|Any CPU
		{47BEF39E-A38E-42D4-8CBB-4C224A870208}.Debug|Any CPU.ActiveCfg = Debug|Any CPU
		{47BEF39E-A38E-42D4-8CBB-4C224A870208}.Debug|Any CPU.Build.0 = Debug|Any CPU
		{47BEF39E-A38E-42D4-8CBB-4C224A870208}.Release|Any CPU.ActiveCfg = Release|Any CPU
		{47BEF39E-A38E-42D4-8CBB-4C224A870208}.Release|Any CPU.Build.0 = Release|Any CPU
		{6A622BF6-F013-6F0B-424A-71EEC57BC2AF}.Debug|Any CPU.ActiveCfg = Debug|Any CPU
		{6A622BF6-F013-6F0B-424A-71EEC57BC2AF}.Debug|Any CPU.Build.0 = Debug|Any CPU
		{6A622BF6-F013-6F0B-424A-71EEC57BC2AF}.Release|Any CPU.ActiveCfg = Release|Any CPU
		{6A622BF6-F013-6F0B-424A-71EEC57BC2AF}.Release|Any CPU.Build.0 = Release|Any CPU
		{810A8288-DEAD-B0DA-FC14-0126FBEE3A15}.Debug|Any CPU.ActiveCfg = Debug|Any CPU
		{810A8288-DEAD-B0DA-FC14-0126FBEE3A15}.Debug|Any CPU.Build.0 = Debug|Any CPU
		{810A8288-DEAD-B0DA-FC14-0126FBEE3A15}.Release|Any CPU.ActiveCfg = Release|Any CPU
		{810A8288-DEAD-B0DA-FC14-0126FBEE3A15}.Release|Any CPU.Build.0 = Release|Any CPU
		{5C893467-F28A-72EE-DD18-AC1A94B151F0}.Debug|Any CPU.ActiveCfg = Debug|Any CPU
		{5C893467-F28A-72EE-DD18-AC1A94B151F0}.Debug|Any CPU.Build.0 = Debug|Any CPU
		{5C893467-F28A-72EE-DD18-AC1A94B151F0}.Release|Any CPU.ActiveCfg = Release|Any CPU
		{5C893467-F28A-72EE-DD18-AC1A94B151F0}.Release|Any CPU.Build.0 = Release|Any CPU
		{F1093493-EAEC-2190-4D35-45E0B6F5D438}.Debug|Any CPU.ActiveCfg = Debug|Any CPU
		{F1093493-EAEC-2190-4D35-45E0B6F5D438}.Debug|Any CPU.Build.0 = Debug|Any CPU
		{F1093493-EAEC-2190-4D35-45E0B6F5D438}.Release|Any CPU.ActiveCfg = Release|Any CPU
		{F1093493-EAEC-2190-4D35-45E0B6F5D438}.Release|Any CPU.Build.0 = Release|Any CPU
		{780898DC-F8E3-5FA7-05F2-ECEC7F6B5A93}.Debug|Any CPU.ActiveCfg = Debug|Any CPU
		{780898DC-F8E3-5FA7-05F2-ECEC7F6B5A93}.Debug|Any CPU.Build.0 = Debug|Any CPU
		{780898DC-F8E3-5FA7-05F2-ECEC7F6B5A93}.Release|Any CPU.ActiveCfg = Release|Any CPU
		{780898DC-F8E3-5FA7-05F2-ECEC7F6B5A93}.Release|Any CPU.Build.0 = Release|Any CPU
		{908E107A-D88B-2A45-E59F-8711D406566C}.Debug|Any CPU.ActiveCfg = Debug|Any CPU
		{908E107A-D88B-2A45-E59F-8711D406566C}.Debug|Any CPU.Build.0 = Debug|Any CPU
		{908E107A-D88B-2A45-E59F-8711D406566C}.Release|Any CPU.ActiveCfg = Release|Any CPU
		{908E107A-D88B-2A45-E59F-8711D406566C}.Release|Any CPU.Build.0 = Release|Any CPU
		{0ECCC00C-8333-114B-9194-19C81EB51437}.Debug|Any CPU.ActiveCfg = Debug|Any CPU
		{0ECCC00C-8333-114B-9194-19C81EB51437}.Debug|Any CPU.Build.0 = Debug|Any CPU
		{0ECCC00C-8333-114B-9194-19C81EB51437}.Release|Any CPU.ActiveCfg = Release|Any CPU
		{0ECCC00C-8333-114B-9194-19C81EB51437}.Release|Any CPU.Build.0 = Release|Any CPU
		{DBDD69D8-E944-D224-D445-4F66A4C8473A}.Debug|Any CPU.ActiveCfg = Debug|Any CPU
		{DBDD69D8-E944-D224-D445-4F66A4C8473A}.Debug|Any CPU.Build.0 = Debug|Any CPU
		{DBDD69D8-E944-D224-D445-4F66A4C8473A}.Release|Any CPU.ActiveCfg = Release|Any CPU
		{DBDD69D8-E944-D224-D445-4F66A4C8473A}.Release|Any CPU.Build.0 = Release|Any CPU
		{07848FEC-15BA-1DDF-270F-307257335BDA}.Debug|Any CPU.ActiveCfg = Debug|Any CPU
		{07848FEC-15BA-1DDF-270F-307257335BDA}.Debug|Any CPU.Build.0 = Debug|Any CPU
		{07848FEC-15BA-1DDF-270F-307257335BDA}.Release|Any CPU.ActiveCfg = Release|Any CPU
		{07848FEC-15BA-1DDF-270F-307257335BDA}.Release|Any CPU.Build.0 = Release|Any CPU
		{3D05F005-6A40-5090-A012-7BFF47F9FB54}.Debug|Any CPU.ActiveCfg = Debug|Any CPU
		{3D05F005-6A40-5090-A012-7BFF47F9FB54}.Debug|Any CPU.Build.0 = Debug|Any CPU
		{3D05F005-6A40-5090-A012-7BFF47F9FB54}.Release|Any CPU.ActiveCfg = Release|Any CPU
		{3D05F005-6A40-5090-A012-7BFF47F9FB54}.Release|Any CPU.Build.0 = Release|Any CPU
		{6966CDE9-CF42-B824-7C2F-5622FCC4317D}.Debug|Any CPU.ActiveCfg = Debug|Any CPU
		{6966CDE9-CF42-B824-7C2F-5622FCC4317D}.Debug|Any CPU.Build.0 = Debug|Any CPU
		{6966CDE9-CF42-B824-7C2F-5622FCC4317D}.Release|Any CPU.ActiveCfg = Release|Any CPU
		{6966CDE9-CF42-B824-7C2F-5622FCC4317D}.Release|Any CPU.Build.0 = Release|Any CPU
		{E6664F70-EB25-421F-B448-0DB7D482EDB6}.Debug|Any CPU.ActiveCfg = Debug|Any CPU
		{E6664F70-EB25-421F-B448-0DB7D482EDB6}.Debug|Any CPU.Build.0 = Debug|Any CPU
		{E6664F70-EB25-421F-B448-0DB7D482EDB6}.Release|Any CPU.ActiveCfg = Release|Any CPU
		{E6664F70-EB25-421F-B448-0DB7D482EDB6}.Release|Any CPU.Build.0 = Release|Any CPU
		{6085C0D7-61A0-4478-87E0-44D825DBA778}.Debug|Any CPU.ActiveCfg = Debug|Any CPU
		{6085C0D7-61A0-4478-87E0-44D825DBA778}.Debug|Any CPU.Build.0 = Debug|Any CPU
		{6085C0D7-61A0-4478-87E0-44D825DBA778}.Release|Any CPU.ActiveCfg = Release|Any CPU
		{6085C0D7-61A0-4478-87E0-44D825DBA778}.Release|Any CPU.Build.0 = Release|Any CPU
		{FDC66C67-72E2-44A4-8823-A27092D051D1}.Debug|Any CPU.ActiveCfg = Debug|Any CPU
		{FDC66C67-72E2-44A4-8823-A27092D051D1}.Debug|Any CPU.Build.0 = Debug|Any CPU
		{FDC66C67-72E2-44A4-8823-A27092D051D1}.Release|Any CPU.ActiveCfg = Release|Any CPU
		{FDC66C67-72E2-44A4-8823-A27092D051D1}.Release|Any CPU.Build.0 = Release|Any CPU
		{8C09E120-F847-425A-8EA6-A2B970ADD3B2}.Debug|Any CPU.ActiveCfg = Debug|Any CPU
		{8C09E120-F847-425A-8EA6-A2B970ADD3B2}.Debug|Any CPU.Build.0 = Debug|Any CPU
		{8C09E120-F847-425A-8EA6-A2B970ADD3B2}.Release|Any CPU.ActiveCfg = Release|Any CPU
		{8C09E120-F847-425A-8EA6-A2B970ADD3B2}.Release|Any CPU.Build.0 = Release|Any CPU
		{60F41F4D-BCD2-4B31-B824-C739E439900E}.Debug|Any CPU.ActiveCfg = Debug|Any CPU
		{60F41F4D-BCD2-4B31-B824-C739E439900E}.Debug|Any CPU.Build.0 = Debug|Any CPU
		{60F41F4D-BCD2-4B31-B824-C739E439900E}.Release|Any CPU.ActiveCfg = Release|Any CPU
		{60F41F4D-BCD2-4B31-B824-C739E439900E}.Release|Any CPU.Build.0 = Release|Any CPU
		{8DE5D9AF-7EC6-436B-AE73-D3EB6E1FDDC0}.Debug|Any CPU.ActiveCfg = Debug|Any CPU
		{8DE5D9AF-7EC6-436B-AE73-D3EB6E1FDDC0}.Debug|Any CPU.Build.0 = Debug|Any CPU
		{8DE5D9AF-7EC6-436B-AE73-D3EB6E1FDDC0}.Release|Any CPU.ActiveCfg = Release|Any CPU
		{8DE5D9AF-7EC6-436B-AE73-D3EB6E1FDDC0}.Release|Any CPU.Build.0 = Release|Any CPU
		{54EAFE81-C960-437F-960A-7A712E48C459}.Debug|Any CPU.ActiveCfg = Debug|Any CPU
		{54EAFE81-C960-437F-960A-7A712E48C459}.Debug|Any CPU.Build.0 = Debug|Any CPU
		{54EAFE81-C960-437F-960A-7A712E48C459}.Release|Any CPU.ActiveCfg = Release|Any CPU
		{54EAFE81-C960-437F-960A-7A712E48C459}.Release|Any CPU.Build.0 = Release|Any CPU
	EndGlobalSection
	GlobalSection(SolutionProperties) = preSolution
		HideSolutionNode = FALSE
	EndGlobalSection
	GlobalSection(ExtensibilityGlobals) = postSolution
		SolutionGuid = {30FF2921-C1CC-4842-A643-F5BCE40E2D3A}
	EndGlobalSection
EndGlobal
